
Microsoft Visual Studio Solution File, Format Version 12.00
# Visual Studio 2013
VisualStudioVersion = 12.0.21005.1
MinimumVisualStudioVersion = 10.0.40219.1
Project("{FAE04EC0-301F-11D3-BF4B-00C04F79EFBC}") = "MediaSharingSystem", "MediaSharingSystem\MediaSharingSystem.csproj", "{E40F0065-1B01-49AB-B9B4-98B8C4A08281}"
EndProject
Global
	GlobalSection(SolutionConfigurationPlatforms) = preSolution
		Debug|Any CPU = Debug|Any CPU
		Release|Any CPU = Release|Any CPU
	EndGlobalSection
	GlobalSection(ProjectConfigurationPlatforms) = postSolution
		{E40F0065-1B01-49AB-B9B4-98B8C4A08281}.Debug|Any CPU.ActiveCfg = Debug|Any CPU
		{E40F0065-1B01-49AB-B9B4-98B8C4A08281}.Debug|Any CPU.Build.0 = Debug|Any CPU
		{E40F0065-1B01-49AB-B9B4-98B8C4A08281}.Release|Any CPU.ActiveCfg = Release|Any CPU
		{E40F0065-1B01-49AB-B9B4-98B8C4A08281}.Release|Any CPU.Build.0 = Release|Any CPU
	EndGlobalSection
	GlobalSection(SolutionProperties) = preSolution
		HideSolutionNode = FALSE
	EndGlobalSection
EndGlobal
